
Microsoft Visual Studio Solution File, Format Version 12.00
# Visual Studio 15
VisualStudioVersion = 15.0.27703.2042
MinimumVisualStudioVersion = 10.0.40219.1
Project("{FAE04EC0-301F-11D3-BF4B-00C04F79EFBC}") = "StudentskiServis", "StudentskiServis\StudentskiServis.csproj", "{C9DB6A0A-3290-41AE-B45A-5D030B49D952}"
EndProject
Global
	GlobalSection(SolutionConfigurationPlatforms) = preSolution
		Debug|Any CPU = Debug|Any CPU
		Release|Any CPU = Release|Any CPU
	EndGlobalSection
	GlobalSection(ProjectConfigurationPlatforms) = postSolution
		{C9DB6A0A-3290-41AE-B45A-5D030B49D952}.Debug|Any CPU.ActiveCfg = Debug|Any CPU
		{C9DB6A0A-3290-41AE-B45A-5D030B49D952}.Debug|Any CPU.Build.0 = Debug|Any CPU
		{C9DB6A0A-3290-41AE-B45A-5D030B49D952}.Release|Any CPU.ActiveCfg = Release|Any CPU
		{C9DB6A0A-3290-41AE-B45A-5D030B49D952}.Release|Any CPU.Build.0 = Release|Any CPU
	EndGlobalSection
	GlobalSection(SolutionProperties) = preSolution
		HideSolutionNode = FALSE
	EndGlobalSection
	GlobalSection(ExtensibilityGlobals) = postSolution
		SolutionGuid = {231B4C85-C0DA-4191-9680-7ED84D0A5ED8}
	EndGlobalSection
EndGlobal
